// !$*UTF8*$!
{
	archiveVersion = 1;
	classes = {
	};
	objectVersion = 50;
	objects = {

/* Begin PBXBuildFile section */
		F88605A6261130A9007E9F99 /* InstructorOrLearnerViewController.swift in Sources */ = {isa = PBXBuildFile; fileRef = F88605A5261130A9007E9F99 /* InstructorOrLearnerViewController.swift */; };
		F88605AA26113380007E9F99 /* Utilities.swift in Sources */ = {isa = PBXBuildFile; fileRef = F88605A926113380007E9F99 /* Utilities.swift */; };
		F8DE32C4260FAF53003B87EF /* AppDelegate.swift in Sources */ = {isa = PBXBuildFile; fileRef = F8DE32C3260FAF53003B87EF /* AppDelegate.swift */; };
		F8DE32C6260FAF53003B87EF /* SceneDelegate.swift in Sources */ = {isa = PBXBuildFile; fileRef = F8DE32C5260FAF53003B87EF /* SceneDelegate.swift */; };
		F8DE32C8260FAF53003B87EF /* LoginScreenViewController.swift in Sources */ = {isa = PBXBuildFile; fileRef = F8DE32C7260FAF53003B87EF /* LoginScreenViewController.swift */; };
		F8DE32CB260FAF53003B87EF /* Main.storyboard in Resources */ = {isa = PBXBuildFile; fileRef = F8DE32C9260FAF53003B87EF /* Main.storyboard */; };
		F8DE32CD260FAF53003B87EF /* Assets.xcassets in Resources */ = {isa = PBXBuildFile; fileRef = F8DE32CC260FAF53003B87EF /* Assets.xcassets */; };
		F8DE32D0260FAF53003B87EF /* LaunchScreen.storyboard in Resources */ = {isa = PBXBuildFile; fileRef = F8DE32CE260FAF53003B87EF /* LaunchScreen.storyboard */; };
/* End PBXBuildFile section */

/* Begin PBXFileReference section */
		F88605A5261130A9007E9F99 /* InstructorOrLearnerViewController.swift */ = {isa = PBXFileReference; lastKnownFileType = sourcecode.swift; path = InstructorOrLearnerViewController.swift; sourceTree = "<group>"; };
		F88605A926113380007E9F99 /* Utilities.swift */ = {isa = PBXFileReference; lastKnownFileType = sourcecode.swift; path = Utilities.swift; sourceTree = "<group>"; };
		F8DE32C0260FAF53003B87EF /* DriveWay.app */ = {isa = PBXFileReference; explicitFileType = wrapper.application; includeInIndex = 0; path = DriveWay.app; sourceTree = BUILT_PRODUCTS_DIR; };
		F8DE32C3260FAF53003B87EF /* AppDelegate.swift */ = {isa = PBXFileReference; lastKnownFileType = sourcecode.swift; path = AppDelegate.swift; sourceTree = "<group>"; };
		F8DE32C5260FAF53003B87EF /* SceneDelegate.swift */ = {isa = PBXFileReference; lastKnownFileType = sourcecode.swift; path = SceneDelegate.swift; sourceTree = "<group>"; };
		F8DE32C7260FAF53003B87EF /* LoginScreenViewController.swift */ = {isa = PBXFileReference; lastKnownFileType = sourcecode.swift; path = LoginScreenViewController.swift; sourceTree = "<group>"; };
		F8DE32CA260FAF53003B87EF /* Base */ = {isa = PBXFileReference; lastKnownFileType = file.storyboard; name = Base; path = Base.lproj/Main.storyboard; sourceTree = "<group>"; };
		F8DE32CC260FAF53003B87EF /* Assets.xcassets */ = {isa = PBXFileReference; lastKnownFileType = folder.assetcatalog; path = Assets.xcassets; sourceTree = "<group>"; };
		F8DE32CF260FAF53003B87EF /* Base */ = {isa = PBXFileReference; lastKnownFileType = file.storyboard; name = Base; path = Base.lproj/LaunchScreen.storyboard; sourceTree = "<group>"; };
		F8DE32D1260FAF53003B87EF /* Info.plist */ = {isa = PBXFileReference; lastKnownFileType = text.plist.xml; path = Info.plist; sourceTree = "<group>"; };
/* End PBXFileReference section */

/* Begin PBXFrameworksBuildPhase section */
		F8DE32BD260FAF53003B87EF /* Frameworks */ = {
			isa = PBXFrameworksBuildPhase;
			buildActionMask = 2147483647;
			files = (
			);
			runOnlyForDeploymentPostprocessing = 0;
		};
/* End PBXFrameworksBuildPhase section */

/* Begin PBXGroup section */
		F846DA2826112DBC0021C5C3 /* Login View Controllers */ = {
			isa = PBXGroup;
			children = (
				F8DE32C7260FAF53003B87EF /* LoginScreenViewController.swift */,
				F88605A5261130A9007E9F99 /* InstructorOrLearnerViewController.swift */,
			);
			path = "Login View Controllers";
			sourceTree = "<group>";
		};
		F8DE32B7260FAF53003B87EF = {
			isa = PBXGroup;
			children = (
				F8DE32C2260FAF53003B87EF /* DriveWay */,
				F8DE32C1260FAF53003B87EF /* Products */,
			);
			sourceTree = "<group>";
		};
		F8DE32C1260FAF53003B87EF /* Products */ = {
			isa = PBXGroup;
			children = (
				F8DE32C0260FAF53003B87EF /* DriveWay.app */,
			);
			name = Products;
			sourceTree = "<group>";
		};
		F8DE32C2260FAF53003B87EF /* DriveWay */ = {
			isa = PBXGroup;
			children = (
				F8DE32C3260FAF53003B87EF /* AppDelegate.swift */,
				F8DE32C5260FAF53003B87EF /* SceneDelegate.swift */,
				F88605A926113380007E9F99 /* Utilities.swift */,
				F846DA2826112DBC0021C5C3 /* Login View Controllers */,
				F8DE32C9260FAF53003B87EF /* Main.storyboard */,
				F8DE32CC260FAF53003B87EF /* Assets.xcassets */,
				F8DE32CE260FAF53003B87EF /* LaunchScreen.storyboard */,
				F8DE32D1260FAF53003B87EF /* Info.plist */,
			);
			path = DriveWay;
			sourceTree = "<group>";
		};
/* End PBXGroup section */

/* Begin PBXNativeTarget section */
		F8DE32BF260FAF53003B87EF /* DriveWay */ = {
			isa = PBXNativeTarget;
			buildConfigurationList = F8DE32D4260FAF53003B87EF /* Build configuration list for PBXNativeTarget "DriveWay" */;
			buildPhases = (
				F8DE32BC260FAF53003B87EF /* Sources */,
				F8DE32BD260FAF53003B87EF /* Frameworks */,
				F8DE32BE260FAF53003B87EF /* Resources */,
			);
			buildRules = (
			);
			dependencies = (
			);
			name = DriveWay;
			productName = DriveWay;
			productReference = F8DE32C0260FAF53003B87EF /* DriveWay.app */;
			productType = "com.apple.product-type.application";
		};
/* End PBXNativeTarget section */

/* Begin PBXProject section */
		F8DE32B8260FAF53003B87EF /* Project object */ = {
			isa = PBXProject;
			attributes = {
				LastSwiftUpdateCheck = 1240;
				LastUpgradeCheck = 1240;
				TargetAttributes = {
					F8DE32BF260FAF53003B87EF = {
						CreatedOnToolsVersion = 12.4;
					};
				};
			};
			buildConfigurationList = F8DE32BB260FAF53003B87EF /* Build configuration list for PBXProject "DriveWay" */;
			compatibilityVersion = "Xcode 9.3";
			developmentRegion = en;
			hasScannedForEncodings = 0;
			knownRegions = (
				en,
				Base,
			);
			mainGroup = F8DE32B7260FAF53003B87EF;
			productRefGroup = F8DE32C1260FAF53003B87EF /* Products */;
			projectDirPath = "";
			projectRoot = "";
			targets = (
				F8DE32BF260FAF53003B87EF /* DriveWay */,
			);
		};
/* End PBXProject section */

/* Begin PBXResourcesBuildPhase section */
		F8DE32BE260FAF53003B87EF /* Resources */ = {
			isa = PBXResourcesBuildPhase;
			buildActionMask = 2147483647;
			files = (
				F8DE32D0260FAF53003B87EF /* LaunchScreen.storyboard in Resources */,
				F8DE32CD260FAF53003B87EF /* Assets.xcassets in Resources */,
				F8DE32CB260FAF53003B87EF /* Main.storyboard in Resources */,
			);
			runOnlyForDeploymentPostprocessing = 0;
		};
/* End PBXResourcesBuildPhase section */

/* Begin PBXSourcesBuildPhase section */
		F8DE32BC260FAF53003B87EF /* Sources */ = {
			isa = PBXSourcesBuildPhase;
			buildActionMask = 2147483647;
			files = (
				F88605A6261130A9007E9F99 /* InstructorOrLearnerViewController.swift in Sources */,
				F8DE32C8260FAF53003B87EF /* LoginScreenViewController.swift in Sources */,
				F8DE32C4260FAF53003B87EF /* AppDelegate.swift in Sources */,
				F88605AA26113380007E9F99 /* Utilities.swift in Sources */,
				F8DE32C6260FAF53003B87EF /* SceneDelegate.swift in Sources */,
			);
			runOnlyForDeploymentPostprocessing = 0;
		};
/* End PBXSourcesBuildPhase section */

/* Begin PBXVariantGroup section */
		F8DE32C9260FAF53003B87EF /* Main.storyboard */ = {
			isa = PBXVariantGroup;
			children = (
				F8DE32CA260FAF53003B87EF /* Base */,
			);
			name = Main.storyboard;
			sourceTree = "<group>";
		};
		F8DE32CE260FAF53003B87EF /* LaunchScreen.storyboard */ = {
			isa = PBXVariantGroup;
			children = (
				F8DE32CF260FAF53003B87EF /* Base */,
			);
			name = LaunchScreen.storyboard;
			sourceTree = "<group>";
		};
/* End PBXVariantGroup section */

/* Begin XCBuildConfiguration section */
		F8DE32D2260FAF53003B87EF /* Debug */ = {
			isa = XCBuildConfiguration;
			buildSettings = {
				ALWAYS_SEARCH_USER_PATHS = NO;
				CLANG_ANALYZER_NONNULL = YES;
				CLANG_ANALYZER_NUMBER_OBJECT_CONVERSION = YES_AGGRESSIVE;
				CLANG_CXX_LANGUAGE_STANDARD = "gnu++14";
				CLANG_CXX_LIBRARY = "libc++";
				CLANG_ENABLE_MODULES = YES;
				CLANG_ENABLE_OBJC_ARC = YES;
				CLANG_ENABLE_OBJC_WEAK = YES;
				CLANG_WARN_BLOCK_CAPTURE_AUTORELEASING = YES;
				CLANG_WARN_BOOL_CONVERSION = YES;
				CLANG_WARN_COMMA = YES;
				CLANG_WARN_CONSTANT_CONVERSION = YES;
				CLANG_WARN_DEPRECATED_OBJC_IMPLEMENTATIONS = YES;
				CLANG_WARN_DIRECT_OBJC_ISA_USAGE = YES_ERROR;
				CLANG_WARN_DOCUMENTATION_COMMENTS = YES;
				CLANG_WARN_EMPTY_BODY = YES;
				CLANG_WARN_ENUM_CONVERSION = YES;
				CLANG_WARN_INFINITE_RECURSION = YES;
				CLANG_WARN_INT_CONVERSION = YES;
				CLANG_WARN_NON_LITERAL_NULL_CONVERSION = YES;
				CLANG_WARN_OBJC_IMPLICIT_RETAIN_SELF = YES;
				CLANG_WARN_OBJC_LITERAL_CONVERSION = YES;
				CLANG_WARN_OBJC_ROOT_CLASS = YES_ERROR;
				CLANG_WARN_QUOTED_INCLUDE_IN_FRAMEWORK_HEADER = YES;
				CLANG_WARN_RANGE_LOOP_ANALYSIS = YES;
				CLANG_WARN_STRICT_PROTOTYPES = YES;
				CLANG_WARN_SUSPICIOUS_MOVE = YES;
				CLANG_WARN_UNGUARDED_AVAILABILITY = YES_AGGRESSIVE;
				CLANG_WARN_UNREACHABLE_CODE = YES;
				CLANG_WARN__DUPLICATE_METHOD_MATCH = YES;
				COPY_PHASE_STRIP = NO;
				DEBUG_INFORMATION_FORMAT = dwarf;
				ENABLE_STRICT_OBJC_MSGSEND = YES;
				ENABLE_TESTABILITY = YES;
				GCC_C_LANGUAGE_STANDARD = gnu11;
				GCC_DYNAMIC_NO_PIC = NO;
				GCC_NO_COMMON_BLOCKS = YES;
				GCC_OPTIMIZATION_LEVEL = 0;
				GCC_PREPROCESSOR_DEFINITIONS = (
					"DEBUG=1",
					"$(inherited)",
				);
				GCC_WARN_64_TO_32_BIT_CONVERSION = YES;
				GCC_WARN_ABOUT_RETURN_TYPE = YES_ERROR;
				GCC_WARN_UNDECLARED_SELECTOR = YES;
				GCC_WARN_UNINITIALIZED_AUTOS = YES_AGGRESSIVE;
				GCC_WARN_UNUSED_FUNCTION = YES;
				GCC_WARN_UNUSED_VARIABLE = YES;
				IPHONEOS_DEPLOYMENT_TARGET = 14.4;
				MTL_ENABLE_DEBUG_INFO = INCLUDE_SOURCE;
				MTL_FAST_MATH = YES;
				ONLY_ACTIVE_ARCH = YES;
				SDKROOT = iphoneos;
				SWIFT_ACTIVE_COMPILATION_CONDITIONS = DEBUG;
				SWIFT_OPTIMIZATION_LEVEL = "-Onone";
			};
			name = Debug;
		};
		F8DE32D3260FAF53003B87EF /* Release */ = {
			isa = XCBuildConfiguration;
			buildSettings = {
				ALWAYS_SEARCH_USER_PATHS = NO;
				CLANG_ANALYZER_NONNULL = YES;
				CLANG_ANALYZER_NUMBER_OBJECT_CONVERSION = YES_AGGRESSIVE;
				CLANG_CXX_LANGUAGE_STANDARD = "gnu++14";
				CLANG_CXX_LIBRARY = "libc++";
				CLANG_ENABLE_MODULES = YES;
				CLANG_ENABLE_OBJC_ARC = YES;
				CLANG_ENABLE_OBJC_WEAK = YES;
				CLANG_WARN_BLOCK_CAPTURE_AUTORELEASING = YES;
				CLANG_WARN_BOOL_CONVERSION = YES;
				CLANG_WARN_COMMA = YES;
				CLANG_WARN_CONSTANT_CONVERSION = YES;
				CLANG_WARN_DEPRECATED_OBJC_IMPLEMENTATIONS = YES;
				CLANG_WARN_DIRECT_OBJC_ISA_USAGE = YES_ERROR;
				CLANG_WARN_DOCUMENTATION_COMMENTS = YES;
				CLANG_WARN_EMPTY_BODY = YES;
				CLANG_WARN_ENUM_CONVERSION = YES;
				CLANG_WARN_INFINITE_RECURSION = YES;
				CLANG_WARN_INT_CONVERSION = YES;
				CLANG_WARN_NON_LITERAL_NULL_CONVERSION = YES;
				CLANG_WARN_OBJC_IMPLICIT_RETAIN_SELF = YES;
				CLANG_WARN_OBJC_LITERAL_CONVERSION = YES;
				CLANG_WARN_OBJC_ROOT_CLASS = YES_ERROR;
				CLANG_WARN_QUOTED_INCLUDE_IN_FRAMEWORK_HEADER = YES;
				CLANG_WARN_RANGE_LOOP_ANALYSIS = YES;
				CLANG_WARN_STRICT_PROTOTYPES = YES;
				CLANG_WARN_SUSPICIOUS_MOVE = YES;
				CLANG_WARN_UNGUARDED_AVAILABILITY = YES_AGGRESSIVE;
				CLANG_WARN_UNREACHABLE_CODE = YES;
				CLANG_WARN__DUPLICATE_METHOD_MATCH = YES;
				COPY_PHASE_STRIP = NO;
				DEBUG_INFORMATION_FORMAT = "dwarf-with-dsym";
				ENABLE_NS_ASSERTIONS = NO;
				ENABLE_STRICT_OBJC_MSGSEND = YES;
				GCC_C_LANGUAGE_STANDARD = gnu11;
				GCC_NO_COMMON_BLOCKS = YES;
				GCC_WARN_64_TO_32_BIT_CONVERSION = YES;
				GCC_WARN_ABOUT_RETURN_TYPE = YES_ERROR;
				GCC_WARN_UNDECLARED_SELECTOR = YES;
				GCC_WARN_UNINITIALIZED_AUTOS = YES_AGGRESSIVE;
				GCC_WARN_UNUSED_FUNCTION = YES;
				GCC_WARN_UNUSED_VARIABLE = YES;
				IPHONEOS_DEPLOYMENT_TARGET = 14.4;
				MTL_ENABLE_DEBUG_INFO = NO;
				MTL_FAST_MATH = YES;
				SDKROOT = iphoneos;
				SWIFT_COMPILATION_MODE = wholemodule;
				SWIFT_OPTIMIZATION_LEVEL = "-O";
				VALIDATE_PRODUCT = YES;
			};
			name = Release;
		};
		F8DE32D5260FAF53003B87EF /* Debug */ = {
			isa = XCBuildConfiguration;
			buildSettings = {
				ASSETCATALOG_COMPILER_APPICON_NAME = AppIcon;
				ASSETCATALOG_COMPILER_GLOBAL_ACCENT_COLOR_NAME = AccentColor;
				CODE_SIGN_STYLE = Automatic;
				DEVELOPMENT_TEAM = F5SHLQHZVR;
				INFOPLIST_FILE = DriveWay/Info.plist;
				LD_RUNPATH_SEARCH_PATHS = (
					"$(inherited)",
					"@executable_path/Frameworks",
				);
				PRODUCT_BUNDLE_IDENTIFIER = Group37.DriveWay;
				PRODUCT_NAME = "$(TARGET_NAME)";
				SWIFT_VERSION = 5.0;
				TARGETED_DEVICE_FAMILY = "1,2";
			};
			name = Debug;
		};
		F8DE32D6260FAF53003B87EF /* Release */ = {
			isa = XCBuildConfiguration;
			buildSettings = {
				ASSETCATALOG_COMPILER_APPICON_NAME = AppIcon;
				ASSETCATALOG_COMPILER_GLOBAL_ACCENT_COLOR_NAME = AccentColor;
				CODE_SIGN_STYLE = Automatic;
				DEVELOPMENT_TEAM = F5SHLQHZVR;
				INFOPLIST_FILE = DriveWay/Info.plist;
				LD_RUNPATH_SEARCH_PATHS = (
					"$(inherited)",
					"@executable_path/Frameworks",
				);
				PRODUCT_BUNDLE_IDENTIFIER = Group37.DriveWay;
				PRODUCT_NAME = "$(TARGET_NAME)";
				SWIFT_VERSION = 5.0;
				TARGETED_DEVICE_FAMILY = "1,2";
			};
			name = Release;
		};
/* End XCBuildConfiguration section */

/* Begin XCConfigurationList section */
		F8DE32BB260FAF53003B87EF /* Build configuration list for PBXProject "DriveWay" */ = {
			isa = XCConfigurationList;
			buildConfigurations = (
				F8DE32D2260FAF53003B87EF /* Debug */,
				F8DE32D3260FAF53003B87EF /* Release */,
			);
			defaultConfigurationIsVisible = 0;
			defaultConfigurationName = Release;
		};
		F8DE32D4260FAF53003B87EF /* Build configuration list for PBXNativeTarget "DriveWay" */ = {
			isa = XCConfigurationList;
			buildConfigurations = (
				F8DE32D5260FAF53003B87EF /* Debug */,
				F8DE32D6260FAF53003B87EF /* Release */,
			);
			defaultConfigurationIsVisible = 0;
			defaultConfigurationName = Release;
		};
/* End XCConfigurationList section */
	};
	rootObject = F8DE32B8260FAF53003B87EF /* Project object */;
}
