// !$*UTF8*$!
{
	archiveVersion = 1;
	classes = {
	};
	objectVersion = 51;
	objects = {

/* Begin PBXBuildFile section */
		6FF6B991AD16B85B35737CD8 /* Pods_DriveWay.framework in Frameworks */ = {isa = PBXBuildFile; fileRef = EE636D4B92674473E5D74755 /* Pods_DriveWay.framework */; };
		F81EBF0A26138030003F42DF /* LearnerMoreDataViewController.swift in Sources */ = {isa = PBXBuildFile; fileRef = F81EBF0926138030003F42DF /* LearnerMoreDataViewController.swift */; };
		F81EBF0D2613805D003F42DF /* InstructorMoreDataViewController.swift in Sources */ = {isa = PBXBuildFile; fileRef = F81EBF0C2613805D003F42DF /* InstructorMoreDataViewController.swift */; };
		F825EC1D261DD9740062D24F /* InstructorPersonalDataEntryViewController.swift in Sources */ = {isa = PBXBuildFile; fileRef = F825EC1C261DD9740062D24F /* InstructorPersonalDataEntryViewController.swift */; };
		F825EC20261E155F0062D24F /* InstructorAvailabilityViewController.swift in Sources */ = {isa = PBXBuildFile; fileRef = F825EC1F261E155F0062D24F /* InstructorAvailabilityViewController.swift */; };
		F852399D261201F200B3959D /* PersonalDataEntryViewController.swift in Sources */ = {isa = PBXBuildFile; fileRef = F852399C261201F200B3959D /* PersonalDataEntryViewController.swift */; };
		F85CE60326396B210080BE8C /* LearnerHomeScreenViewController.swift in Sources */ = {isa = PBXBuildFile; fileRef = F85CE60226396B210080BE8C /* LearnerHomeScreenViewController.swift */; };
		F85CE60626396FFA0080BE8C /* InstructorHomeScreenViewController.swift in Sources */ = {isa = PBXBuildFile; fileRef = F85CE60526396FFA0080BE8C /* InstructorHomeScreenViewController.swift */; };
		F87057E926398CB400442495 /* Learner.storyboard in Resources */ = {isa = PBXBuildFile; fileRef = F87057E826398CB400442495 /* Learner.storyboard */; };
		F87057EC26398CC500442495 /* Instructor.storyboard in Resources */ = {isa = PBXBuildFile; fileRef = F87057EB26398CC500442495 /* Instructor.storyboard */; };
		F874A613261652600070610E /* LearnerAboutMeEntryViewController.swift in Sources */ = {isa = PBXBuildFile; fileRef = F874A612261652600070610E /* LearnerAboutMeEntryViewController.swift */; };
		F88605A6261130A9007E9F99 /* InstructorOrLearnerViewController.swift in Sources */ = {isa = PBXBuildFile; fileRef = F88605A5261130A9007E9F99 /* InstructorOrLearnerViewController.swift */; };
		F88605AA26113380007E9F99 /* Utilities.swift in Sources */ = {isa = PBXBuildFile; fileRef = F88605A926113380007E9F99 /* Utilities.swift */; };
		F8A48F562613B03600A44DC2 /* LearnerSelectAvailabilityViewController.swift in Sources */ = {isa = PBXBuildFile; fileRef = F8A48F552613B03600A44DC2 /* LearnerSelectAvailabilityViewController.swift */; };
		F8D1599126122C69000C249F /* EmailAndPasswordEntryViewController.swift in Sources */ = {isa = PBXBuildFile; fileRef = F8D1599026122C69000C249F /* EmailAndPasswordEntryViewController.swift */; };
		F8DE32C4260FAF53003B87EF /* AppDelegate.swift in Sources */ = {isa = PBXBuildFile; fileRef = F8DE32C3260FAF53003B87EF /* AppDelegate.swift */; };
		F8DE32C6260FAF53003B87EF /* SceneDelegate.swift in Sources */ = {isa = PBXBuildFile; fileRef = F8DE32C5260FAF53003B87EF /* SceneDelegate.swift */; };
		F8DE32C8260FAF53003B87EF /* LoginScreenViewController.swift in Sources */ = {isa = PBXBuildFile; fileRef = F8DE32C7260FAF53003B87EF /* LoginScreenViewController.swift */; };
		F8DE32CB260FAF53003B87EF /* Main.storyboard in Resources */ = {isa = PBXBuildFile; fileRef = F8DE32C9260FAF53003B87EF /* Main.storyboard */; };
		F8DE32CD260FAF53003B87EF /* Assets.xcassets in Resources */ = {isa = PBXBuildFile; fileRef = F8DE32CC260FAF53003B87EF /* Assets.xcassets */; };
		F8DE32D0260FAF53003B87EF /* LaunchScreen.storyboard in Resources */ = {isa = PBXBuildFile; fileRef = F8DE32CE260FAF53003B87EF /* LaunchScreen.storyboard */; };
		F8DFEB4D261B57AC00841738 /* InstructorAddCarDetailsViewController.swift in Sources */ = {isa = PBXBuildFile; fileRef = F8DFEB4C261B57AC00841738 /* InstructorAddCarDetailsViewController.swift */; };
		F8DFEB50261B587100841738 /* InstructorAddMotorcycleDetailsViewController.swift in Sources */ = {isa = PBXBuildFile; fileRef = F8DFEB4F261B587100841738 /* InstructorAddMotorcycleDetailsViewController.swift */; };
		F8F85A842611F57C00FDFFD3 /* GoogleService-Info.plist in Resources */ = {isa = PBXBuildFile; fileRef = F8F85A832611F57C00FDFFD3 /* GoogleService-Info.plist */; };
/* End PBXBuildFile section */

/* Begin PBXFileReference section */
		02F6BB666BBA5ED6293A70C6 /* Pods-DriveWay.debug.xcconfig */ = {isa = PBXFileReference; includeInIndex = 1; lastKnownFileType = text.xcconfig; name = "Pods-DriveWay.debug.xcconfig"; path = "Target Support Files/Pods-DriveWay/Pods-DriveWay.debug.xcconfig"; sourceTree = "<group>"; };
		E84A40593F59A9873A80218C /* Pods-DriveWay.release.xcconfig */ = {isa = PBXFileReference; includeInIndex = 1; lastKnownFileType = text.xcconfig; name = "Pods-DriveWay.release.xcconfig"; path = "Target Support Files/Pods-DriveWay/Pods-DriveWay.release.xcconfig"; sourceTree = "<group>"; };
		EE636D4B92674473E5D74755 /* Pods_DriveWay.framework */ = {isa = PBXFileReference; explicitFileType = wrapper.framework; includeInIndex = 0; path = Pods_DriveWay.framework; sourceTree = BUILT_PRODUCTS_DIR; };
		F81EBF0926138030003F42DF /* LearnerMoreDataViewController.swift */ = {isa = PBXFileReference; lastKnownFileType = sourcecode.swift; path = LearnerMoreDataViewController.swift; sourceTree = "<group>"; };
		F81EBF0C2613805D003F42DF /* InstructorMoreDataViewController.swift */ = {isa = PBXFileReference; lastKnownFileType = sourcecode.swift; path = InstructorMoreDataViewController.swift; sourceTree = "<group>"; };
		F825EC1C261DD9740062D24F /* InstructorPersonalDataEntryViewController.swift */ = {isa = PBXFileReference; lastKnownFileType = sourcecode.swift; path = InstructorPersonalDataEntryViewController.swift; sourceTree = "<group>"; };
		F825EC1F261E155F0062D24F /* InstructorAvailabilityViewController.swift */ = {isa = PBXFileReference; lastKnownFileType = sourcecode.swift; path = InstructorAvailabilityViewController.swift; sourceTree = "<group>"; };
		F852399C261201F200B3959D /* PersonalDataEntryViewController.swift */ = {isa = PBXFileReference; lastKnownFileType = sourcecode.swift; path = PersonalDataEntryViewController.swift; sourceTree = "<group>"; };
		F85CE60226396B210080BE8C /* LearnerHomeScreenViewController.swift */ = {isa = PBXFileReference; lastKnownFileType = sourcecode.swift; path = LearnerHomeScreenViewController.swift; sourceTree = "<group>"; };
		F85CE60526396FFA0080BE8C /* InstructorHomeScreenViewController.swift */ = {isa = PBXFileReference; lastKnownFileType = sourcecode.swift; path = InstructorHomeScreenViewController.swift; sourceTree = "<group>"; };
		F87057E826398CB400442495 /* Learner.storyboard */ = {isa = PBXFileReference; lastKnownFileType = file.storyboard; path = Learner.storyboard; sourceTree = "<group>"; };
		F87057EB26398CC500442495 /* Instructor.storyboard */ = {isa = PBXFileReference; lastKnownFileType = file.storyboard; path = Instructor.storyboard; sourceTree = "<group>"; };
		F874A612261652600070610E /* LearnerAboutMeEntryViewController.swift */ = {isa = PBXFileReference; lastKnownFileType = sourcecode.swift; path = LearnerAboutMeEntryViewController.swift; sourceTree = "<group>"; };
		F88605A5261130A9007E9F99 /* InstructorOrLearnerViewController.swift */ = {isa = PBXFileReference; lastKnownFileType = sourcecode.swift; path = InstructorOrLearnerViewController.swift; sourceTree = "<group>"; };
		F88605A926113380007E9F99 /* Utilities.swift */ = {isa = PBXFileReference; lastKnownFileType = sourcecode.swift; path = Utilities.swift; sourceTree = "<group>"; };
		F8A48F552613B03600A44DC2 /* LearnerSelectAvailabilityViewController.swift */ = {isa = PBXFileReference; lastKnownFileType = sourcecode.swift; path = LearnerSelectAvailabilityViewController.swift; sourceTree = "<group>"; };
		F8D1599026122C69000C249F /* EmailAndPasswordEntryViewController.swift */ = {isa = PBXFileReference; lastKnownFileType = sourcecode.swift; path = EmailAndPasswordEntryViewController.swift; sourceTree = "<group>"; };
		F8DE32C0260FAF53003B87EF /* DriveWay.app */ = {isa = PBXFileReference; explicitFileType = wrapper.application; includeInIndex = 0; path = DriveWay.app; sourceTree = BUILT_PRODUCTS_DIR; };
		F8DE32C3260FAF53003B87EF /* AppDelegate.swift */ = {isa = PBXFileReference; lastKnownFileType = sourcecode.swift; path = AppDelegate.swift; sourceTree = "<group>"; };
		F8DE32C5260FAF53003B87EF /* SceneDelegate.swift */ = {isa = PBXFileReference; lastKnownFileType = sourcecode.swift; path = SceneDelegate.swift; sourceTree = "<group>"; };
		F8DE32C7260FAF53003B87EF /* LoginScreenViewController.swift */ = {isa = PBXFileReference; lastKnownFileType = sourcecode.swift; path = LoginScreenViewController.swift; sourceTree = "<group>"; };
		F8DE32CA260FAF53003B87EF /* Base */ = {isa = PBXFileReference; lastKnownFileType = file.storyboard; name = Base; path = Base.lproj/Main.storyboard; sourceTree = "<group>"; };
		F8DE32CC260FAF53003B87EF /* Assets.xcassets */ = {isa = PBXFileReference; lastKnownFileType = folder.assetcatalog; path = Assets.xcassets; sourceTree = "<group>"; };
		F8DE32CF260FAF53003B87EF /* Base */ = {isa = PBXFileReference; lastKnownFileType = file.storyboard; name = Base; path = Base.lproj/LaunchScreen.storyboard; sourceTree = "<group>"; };
		F8DE32D1260FAF53003B87EF /* Info.plist */ = {isa = PBXFileReference; lastKnownFileType = text.plist.xml; path = Info.plist; sourceTree = "<group>"; };
		F8DFEB4C261B57AC00841738 /* InstructorAddCarDetailsViewController.swift */ = {isa = PBXFileReference; lastKnownFileType = sourcecode.swift; path = InstructorAddCarDetailsViewController.swift; sourceTree = "<group>"; };
		F8DFEB4F261B587100841738 /* InstructorAddMotorcycleDetailsViewController.swift */ = {isa = PBXFileReference; lastKnownFileType = sourcecode.swift; path = InstructorAddMotorcycleDetailsViewController.swift; sourceTree = "<group>"; };
		F8F85A832611F57C00FDFFD3 /* GoogleService-Info.plist */ = {isa = PBXFileReference; fileEncoding = 4; lastKnownFileType = text.plist.xml; path = "GoogleService-Info.plist"; sourceTree = "<group>"; };
/* End PBXFileReference section */

/* Begin PBXFrameworksBuildPhase section */
		F8DE32BD260FAF53003B87EF /* Frameworks */ = {
			isa = PBXFrameworksBuildPhase;
			buildActionMask = 2147483647;
			files = (
				6FF6B991AD16B85B35737CD8 /* Pods_DriveWay.framework in Frameworks */,
			);
			runOnlyForDeploymentPostprocessing = 0;
		};
/* End PBXFrameworksBuildPhase section */

/* Begin PBXGroup section */
		25C7B786998AD92244F5891F /* Frameworks */ = {
			isa = PBXGroup;
			children = (
				EE636D4B92674473E5D74755 /* Pods_DriveWay.framework */,
			);
			name = Frameworks;
			sourceTree = "<group>";
		};
		EE89E5CD62C440BE8E32250A /* Pods */ = {
			isa = PBXGroup;
			children = (
				02F6BB666BBA5ED6293A70C6 /* Pods-DriveWay.debug.xcconfig */,
				E84A40593F59A9873A80218C /* Pods-DriveWay.release.xcconfig */,
			);
			path = Pods;
			sourceTree = "<group>";
		};
		F843A9962639E7330054DDD4 /* Storyboards */ = {
			isa = PBXGroup;
			children = (
				F8DE32C9260FAF53003B87EF /* Main.storyboard */,
				F87057E826398CB400442495 /* Learner.storyboard */,
				F87057EB26398CC500442495 /* Instructor.storyboard */,
			);
			path = Storyboards;
			sourceTree = "<group>";
		};
		F846DA2826112DBC0021C5C3 /* Login View Controllers */ = {
			isa = PBXGroup;
			children = (
				F8DFEB44261B54DC00841738 /* General Account View Controllers */,
				F8DFEB47261B552000841738 /* Instructor Account View Controllers */,
				F8DFEB45261B550C00841738 /* Learner Account View Controllers */,
			);
			path = "Login View Controllers";
			sourceTree = "<group>";
		};
		F85CE6082639789B0080BE8C /* Instructor View Controllers */ = {
			isa = PBXGroup;
			children = (
				F85CE60526396FFA0080BE8C /* InstructorHomeScreenViewController.swift */,
			);
			path = "Instructor View Controllers";
			sourceTree = "<group>";
		};
		F85CE609263978B90080BE8C /* Learner View Controllers */ = {
			isa = PBXGroup;
			children = (
				F85CE60226396B210080BE8C /* LearnerHomeScreenViewController.swift */,
			);
			path = "Learner View Controllers";
			sourceTree = "<group>";
		};
		F8DE32B7260FAF53003B87EF = {
			isa = PBXGroup;
			children = (
				F8DE32C2260FAF53003B87EF /* DriveWay */,
				F8DE32C1260FAF53003B87EF /* Products */,
				EE89E5CD62C440BE8E32250A /* Pods */,
				25C7B786998AD92244F5891F /* Frameworks */,
			);
			sourceTree = "<group>";
		};
		F8DE32C1260FAF53003B87EF /* Products */ = {
			isa = PBXGroup;
			children = (
				F8DE32C0260FAF53003B87EF /* DriveWay.app */,
			);
			name = Products;
			sourceTree = "<group>";
		};
		F8DE32C2260FAF53003B87EF /* DriveWay */ = {
			isa = PBXGroup;
			children = (
				F8DE32C3260FAF53003B87EF /* AppDelegate.swift */,
				F8DE32C5260FAF53003B87EF /* SceneDelegate.swift */,
				F88605A926113380007E9F99 /* Utilities.swift */,
				F85CE609263978B90080BE8C /* Learner View Controllers */,
				F85CE6082639789B0080BE8C /* Instructor View Controllers */,
				F846DA2826112DBC0021C5C3 /* Login View Controllers */,
				F8DE32CC260FAF53003B87EF /* Assets.xcassets */,
				F843A9962639E7330054DDD4 /* Storyboards */,
				F8DE32CE260FAF53003B87EF /* LaunchScreen.storyboard */,
				F8DE32D1260FAF53003B87EF /* Info.plist */,
				F8F85A832611F57C00FDFFD3 /* GoogleService-Info.plist */,
			);
			path = DriveWay;
			sourceTree = "<group>";
		};
		F8DFEB44261B54DC00841738 /* General Account View Controllers */ = {
			isa = PBXGroup;
			children = (
				F8DE32C7260FAF53003B87EF /* LoginScreenViewController.swift */,
				F88605A5261130A9007E9F99 /* InstructorOrLearnerViewController.swift */,
				F852399C261201F200B3959D /* PersonalDataEntryViewController.swift */,
				F8D1599026122C69000C249F /* EmailAndPasswordEntryViewController.swift */,
			);
			path = "General Account View Controllers";
			sourceTree = "<group>";
		};
		F8DFEB45261B550C00841738 /* Learner Account View Controllers */ = {
			isa = PBXGroup;
			children = (
				F81EBF0926138030003F42DF /* LearnerMoreDataViewController.swift */,
				F8A48F552613B03600A44DC2 /* LearnerSelectAvailabilityViewController.swift */,
				F874A612261652600070610E /* LearnerAboutMeEntryViewController.swift */,
			);
			path = "Learner Account View Controllers";
			sourceTree = "<group>";
		};
		F8DFEB47261B552000841738 /* Instructor Account View Controllers */ = {
			isa = PBXGroup;
			children = (
				F81EBF0C2613805D003F42DF /* InstructorMoreDataViewController.swift */,
				F8DFEB4C261B57AC00841738 /* InstructorAddCarDetailsViewController.swift */,
				F8DFEB4F261B587100841738 /* InstructorAddMotorcycleDetailsViewController.swift */,
				F825EC1C261DD9740062D24F /* InstructorPersonalDataEntryViewController.swift */,
				F825EC1F261E155F0062D24F /* InstructorAvailabilityViewController.swift */,
			);
			path = "Instructor Account View Controllers";
			sourceTree = "<group>";
		};
/* End PBXGroup section */

/* Begin PBXNativeTarget section */
		F8DE32BF260FAF53003B87EF /* DriveWay */ = {
			isa = PBXNativeTarget;
			buildConfigurationList = F8DE32D4260FAF53003B87EF /* Build configuration list for PBXNativeTarget "DriveWay" */;
			buildPhases = (
				FA41EF73CB62304A7FAD8B78 /* [CP] Check Pods Manifest.lock */,
				F8DE32BC260FAF53003B87EF /* Sources */,
				F8DE32BD260FAF53003B87EF /* Frameworks */,
				F8DE32BE260FAF53003B87EF /* Resources */,
				667AA8C3CE3A41CD6E8A43BB /* [CP] Embed Pods Frameworks */,
			);
			buildRules = (
			);
			dependencies = (
			);
			name = DriveWay;
			productName = DriveWay;
			productReference = F8DE32C0260FAF53003B87EF /* DriveWay.app */;
			productType = "com.apple.product-type.application";
		};
/* End PBXNativeTarget section */

/* Begin PBXProject section */
		F8DE32B8260FAF53003B87EF /* Project object */ = {
			isa = PBXProject;
			attributes = {
				LastSwiftUpdateCheck = 1240;
				LastUpgradeCheck = 1240;
				TargetAttributes = {
					F8DE32BF260FAF53003B87EF = {
						CreatedOnToolsVersion = 12.4;
					};
				};
			};
			buildConfigurationList = F8DE32BB260FAF53003B87EF /* Build configuration list for PBXProject "DriveWay" */;
			compatibilityVersion = "Xcode 9.3";
			developmentRegion = en;
			hasScannedForEncodings = 0;
			knownRegions = (
				en,
				Base,
			);
			mainGroup = F8DE32B7260FAF53003B87EF;
			productRefGroup = F8DE32C1260FAF53003B87EF /* Products */;
			projectDirPath = "";
			projectRoot = "";
			targets = (
				F8DE32BF260FAF53003B87EF /* DriveWay */,
			);
		};
/* End PBXProject section */

/* Begin PBXResourcesBuildPhase section */
		F8DE32BE260FAF53003B87EF /* Resources */ = {
			isa = PBXResourcesBuildPhase;
			buildActionMask = 2147483647;
			files = (
				F87057E926398CB400442495 /* Learner.storyboard in Resources */,
				F8DE32D0260FAF53003B87EF /* LaunchScreen.storyboard in Resources */,
				F8F85A842611F57C00FDFFD3 /* GoogleService-Info.plist in Resources */,
				F8DE32CD260FAF53003B87EF /* Assets.xcassets in Resources */,
				F8DE32CB260FAF53003B87EF /* Main.storyboard in Resources */,
				F87057EC26398CC500442495 /* Instructor.storyboard in Resources */,
			);
			runOnlyForDeploymentPostprocessing = 0;
		};
/* End PBXResourcesBuildPhase section */

/* Begin PBXShellScriptBuildPhase section */
		667AA8C3CE3A41CD6E8A43BB /* [CP] Embed Pods Frameworks */ = {
			isa = PBXShellScriptBuildPhase;
			buildActionMask = 2147483647;
			files = (
			);
			inputFileListPaths = (
				"${PODS_ROOT}/Target Support Files/Pods-DriveWay/Pods-DriveWay-frameworks-${CONFIGURATION}-input-files.xcfilelist",
			);
			name = "[CP] Embed Pods Frameworks";
			outputFileListPaths = (
				"${PODS_ROOT}/Target Support Files/Pods-DriveWay/Pods-DriveWay-frameworks-${CONFIGURATION}-output-files.xcfilelist",
			);
			runOnlyForDeploymentPostprocessing = 0;
			shellPath = /bin/sh;
			shellScript = "\"${PODS_ROOT}/Target Support Files/Pods-DriveWay/Pods-DriveWay-frameworks.sh\"\n";
			showEnvVarsInLog = 0;
		};
		FA41EF73CB62304A7FAD8B78 /* [CP] Check Pods Manifest.lock */ = {
			isa = PBXShellScriptBuildPhase;
			buildActionMask = 2147483647;
			files = (
			);
			inputFileListPaths = (
			);
			inputPaths = (
				"${PODS_PODFILE_DIR_PATH}/Podfile.lock",
				"${PODS_ROOT}/Manifest.lock",
			);
			name = "[CP] Check Pods Manifest.lock";
			outputFileListPaths = (
			);
			outputPaths = (
				"$(DERIVED_FILE_DIR)/Pods-DriveWay-checkManifestLockResult.txt",
			);
			runOnlyForDeploymentPostprocessing = 0;
			shellPath = /bin/sh;
			shellScript = "diff \"${PODS_PODFILE_DIR_PATH}/Podfile.lock\" \"${PODS_ROOT}/Manifest.lock\" > /dev/null\nif [ $? != 0 ] ; then\n    # print error to STDERR\n    echo \"error: The sandbox is not in sync with the Podfile.lock. Run 'pod install' or update your CocoaPods installation.\" >&2\n    exit 1\nfi\n# This output is used by Xcode 'outputs' to avoid re-running this script phase.\necho \"SUCCESS\" > \"${SCRIPT_OUTPUT_FILE_0}\"\n";
			showEnvVarsInLog = 0;
		};
/* End PBXShellScriptBuildPhase section */

/* Begin PBXSourcesBuildPhase section */
		F8DE32BC260FAF53003B87EF /* Sources */ = {
			isa = PBXSourcesBuildPhase;
			buildActionMask = 2147483647;
			files = (
				F88605A6261130A9007E9F99 /* InstructorOrLearnerViewController.swift in Sources */,
				F85CE60326396B210080BE8C /* LearnerHomeScreenViewController.swift in Sources */,
				F852399D261201F200B3959D /* PersonalDataEntryViewController.swift in Sources */,
				F8DE32C8260FAF53003B87EF /* LoginScreenViewController.swift in Sources */,
				F8DFEB4D261B57AC00841738 /* InstructorAddCarDetailsViewController.swift in Sources */,
				F81EBF0A26138030003F42DF /* LearnerMoreDataViewController.swift in Sources */,
				F85CE60626396FFA0080BE8C /* InstructorHomeScreenViewController.swift in Sources */,
				F8D1599126122C69000C249F /* EmailAndPasswordEntryViewController.swift in Sources */,
				F874A613261652600070610E /* LearnerAboutMeEntryViewController.swift in Sources */,
				F825EC20261E155F0062D24F /* InstructorAvailabilityViewController.swift in Sources */,
				F8DFEB50261B587100841738 /* InstructorAddMotorcycleDetailsViewController.swift in Sources */,
				F81EBF0D2613805D003F42DF /* InstructorMoreDataViewController.swift in Sources */,
				F8DE32C4260FAF53003B87EF /* AppDelegate.swift in Sources */,
				F825EC1D261DD9740062D24F /* InstructorPersonalDataEntryViewController.swift in Sources */,
				F88605AA26113380007E9F99 /* Utilities.swift in Sources */,
				F8DE32C6260FAF53003B87EF /* SceneDelegate.swift in Sources */,
				F8A48F562613B03600A44DC2 /* LearnerSelectAvailabilityViewController.swift in Sources */,
			);
			runOnlyForDeploymentPostprocessing = 0;
		};
/* End PBXSourcesBuildPhase section */

/* Begin PBXVariantGroup section */
		F8DE32C9260FAF53003B87EF /* Main.storyboard */ = {
			isa = PBXVariantGroup;
			children = (
				F8DE32CA260FAF53003B87EF /* Base */,
			);
			name = Main.storyboard;
			sourceTree = "<group>";
		};
		F8DE32CE260FAF53003B87EF /* LaunchScreen.storyboard */ = {
			isa = PBXVariantGroup;
			children = (
				F8DE32CF260FAF53003B87EF /* Base */,
			);
			name = LaunchScreen.storyboard;
			sourceTree = "<group>";
		};
/* End PBXVariantGroup section */

/* Begin XCBuildConfiguration section */
		F8DE32D2260FAF53003B87EF /* Debug */ = {
			isa = XCBuildConfiguration;
			buildSettings = {
				ALWAYS_SEARCH_USER_PATHS = NO;
				CLANG_ANALYZER_NONNULL = YES;
				CLANG_ANALYZER_NUMBER_OBJECT_CONVERSION = YES_AGGRESSIVE;
				CLANG_CXX_LANGUAGE_STANDARD = "gnu++14";
				CLANG_CXX_LIBRARY = "libc++";
				CLANG_ENABLE_MODULES = YES;
				CLANG_ENABLE_OBJC_ARC = YES;
				CLANG_ENABLE_OBJC_WEAK = YES;
				CLANG_WARN_BLOCK_CAPTURE_AUTORELEASING = YES;
				CLANG_WARN_BOOL_CONVERSION = YES;
				CLANG_WARN_COMMA = YES;
				CLANG_WARN_CONSTANT_CONVERSION = YES;
				CLANG_WARN_DEPRECATED_OBJC_IMPLEMENTATIONS = YES;
				CLANG_WARN_DIRECT_OBJC_ISA_USAGE = YES_ERROR;
				CLANG_WARN_DOCUMENTATION_COMMENTS = YES;
				CLANG_WARN_EMPTY_BODY = YES;
				CLANG_WARN_ENUM_CONVERSION = YES;
				CLANG_WARN_INFINITE_RECURSION = YES;
				CLANG_WARN_INT_CONVERSION = YES;
				CLANG_WARN_NON_LITERAL_NULL_CONVERSION = YES;
				CLANG_WARN_OBJC_IMPLICIT_RETAIN_SELF = YES;
				CLANG_WARN_OBJC_LITERAL_CONVERSION = YES;
				CLANG_WARN_OBJC_ROOT_CLASS = YES_ERROR;
				CLANG_WARN_QUOTED_INCLUDE_IN_FRAMEWORK_HEADER = YES;
				CLANG_WARN_RANGE_LOOP_ANALYSIS = YES;
				CLANG_WARN_STRICT_PROTOTYPES = YES;
				CLANG_WARN_SUSPICIOUS_MOVE = YES;
				CLANG_WARN_UNGUARDED_AVAILABILITY = YES_AGGRESSIVE;
				CLANG_WARN_UNREACHABLE_CODE = YES;
				CLANG_WARN__DUPLICATE_METHOD_MATCH = YES;
				COPY_PHASE_STRIP = NO;
				DEBUG_INFORMATION_FORMAT = dwarf;
				ENABLE_STRICT_OBJC_MSGSEND = YES;
				ENABLE_TESTABILITY = YES;
				GCC_C_LANGUAGE_STANDARD = gnu11;
				GCC_DYNAMIC_NO_PIC = NO;
				GCC_NO_COMMON_BLOCKS = YES;
				GCC_OPTIMIZATION_LEVEL = 0;
				GCC_PREPROCESSOR_DEFINITIONS = (
					"DEBUG=1",
					"$(inherited)",
				);
				GCC_WARN_64_TO_32_BIT_CONVERSION = YES;
				GCC_WARN_ABOUT_RETURN_TYPE = YES_ERROR;
				GCC_WARN_UNDECLARED_SELECTOR = YES;
				GCC_WARN_UNINITIALIZED_AUTOS = YES_AGGRESSIVE;
				GCC_WARN_UNUSED_FUNCTION = YES;
				GCC_WARN_UNUSED_VARIABLE = YES;
				IPHONEOS_DEPLOYMENT_TARGET = 14.4;
				MTL_ENABLE_DEBUG_INFO = INCLUDE_SOURCE;
				MTL_FAST_MATH = YES;
				ONLY_ACTIVE_ARCH = YES;
				SDKROOT = iphoneos;
				SWIFT_ACTIVE_COMPILATION_CONDITIONS = DEBUG;
				SWIFT_OPTIMIZATION_LEVEL = "-Onone";
			};
			name = Debug;
		};
		F8DE32D3260FAF53003B87EF /* Release */ = {
			isa = XCBuildConfiguration;
			buildSettings = {
				ALWAYS_SEARCH_USER_PATHS = NO;
				CLANG_ANALYZER_NONNULL = YES;
				CLANG_ANALYZER_NUMBER_OBJECT_CONVERSION = YES_AGGRESSIVE;
				CLANG_CXX_LANGUAGE_STANDARD = "gnu++14";
				CLANG_CXX_LIBRARY = "libc++";
				CLANG_ENABLE_MODULES = YES;
				CLANG_ENABLE_OBJC_ARC = YES;
				CLANG_ENABLE_OBJC_WEAK = YES;
				CLANG_WARN_BLOCK_CAPTURE_AUTORELEASING = YES;
				CLANG_WARN_BOOL_CONVERSION = YES;
				CLANG_WARN_COMMA = YES;
				CLANG_WARN_CONSTANT_CONVERSION = YES;
				CLANG_WARN_DEPRECATED_OBJC_IMPLEMENTATIONS = YES;
				CLANG_WARN_DIRECT_OBJC_ISA_USAGE = YES_ERROR;
				CLANG_WARN_DOCUMENTATION_COMMENTS = YES;
				CLANG_WARN_EMPTY_BODY = YES;
				CLANG_WARN_ENUM_CONVERSION = YES;
				CLANG_WARN_INFINITE_RECURSION = YES;
				CLANG_WARN_INT_CONVERSION = YES;
				CLANG_WARN_NON_LITERAL_NULL_CONVERSION = YES;
				CLANG_WARN_OBJC_IMPLICIT_RETAIN_SELF = YES;
				CLANG_WARN_OBJC_LITERAL_CONVERSION = YES;
				CLANG_WARN_OBJC_ROOT_CLASS = YES_ERROR;
				CLANG_WARN_QUOTED_INCLUDE_IN_FRAMEWORK_HEADER = YES;
				CLANG_WARN_RANGE_LOOP_ANALYSIS = YES;
				CLANG_WARN_STRICT_PROTOTYPES = YES;
				CLANG_WARN_SUSPICIOUS_MOVE = YES;
				CLANG_WARN_UNGUARDED_AVAILABILITY = YES_AGGRESSIVE;
				CLANG_WARN_UNREACHABLE_CODE = YES;
				CLANG_WARN__DUPLICATE_METHOD_MATCH = YES;
				COPY_PHASE_STRIP = NO;
				DEBUG_INFORMATION_FORMAT = "dwarf-with-dsym";
				ENABLE_NS_ASSERTIONS = NO;
				ENABLE_STRICT_OBJC_MSGSEND = YES;
				GCC_C_LANGUAGE_STANDARD = gnu11;
				GCC_NO_COMMON_BLOCKS = YES;
				GCC_WARN_64_TO_32_BIT_CONVERSION = YES;
				GCC_WARN_ABOUT_RETURN_TYPE = YES_ERROR;
				GCC_WARN_UNDECLARED_SELECTOR = YES;
				GCC_WARN_UNINITIALIZED_AUTOS = YES_AGGRESSIVE;
				GCC_WARN_UNUSED_FUNCTION = YES;
				GCC_WARN_UNUSED_VARIABLE = YES;
				IPHONEOS_DEPLOYMENT_TARGET = 14.4;
				MTL_ENABLE_DEBUG_INFO = NO;
				MTL_FAST_MATH = YES;
				SDKROOT = iphoneos;
				SWIFT_COMPILATION_MODE = wholemodule;
				SWIFT_OPTIMIZATION_LEVEL = "-O";
				VALIDATE_PRODUCT = YES;
			};
			name = Release;
		};
		F8DE32D5260FAF53003B87EF /* Debug */ = {
			isa = XCBuildConfiguration;
			baseConfigurationReference = 02F6BB666BBA5ED6293A70C6 /* Pods-DriveWay.debug.xcconfig */;
			buildSettings = {
				ASSETCATALOG_COMPILER_APPICON_NAME = AppIcon;
				ASSETCATALOG_COMPILER_GLOBAL_ACCENT_COLOR_NAME = AccentColor;
				CODE_SIGN_STYLE = Automatic;
				DEVELOPMENT_TEAM = F5SHLQHZVR;
				INFOPLIST_FILE = DriveWay/Info.plist;
				LD_RUNPATH_SEARCH_PATHS = (
					"$(inherited)",
					"@executable_path/Frameworks",
				);
				PRODUCT_BUNDLE_IDENTIFIER = Group37.DriveWay;
				PRODUCT_NAME = "$(TARGET_NAME)";
				SWIFT_VERSION = 5.0;
				TARGETED_DEVICE_FAMILY = "1,2";
			};
			name = Debug;
		};
		F8DE32D6260FAF53003B87EF /* Release */ = {
			isa = XCBuildConfiguration;
			baseConfigurationReference = E84A40593F59A9873A80218C /* Pods-DriveWay.release.xcconfig */;
			buildSettings = {
				ASSETCATALOG_COMPILER_APPICON_NAME = AppIcon;
				ASSETCATALOG_COMPILER_GLOBAL_ACCENT_COLOR_NAME = AccentColor;
				CODE_SIGN_STYLE = Automatic;
				DEVELOPMENT_TEAM = F5SHLQHZVR;
				INFOPLIST_FILE = DriveWay/Info.plist;
				LD_RUNPATH_SEARCH_PATHS = (
					"$(inherited)",
					"@executable_path/Frameworks",
				);
				PRODUCT_BUNDLE_IDENTIFIER = Group37.DriveWay;
				PRODUCT_NAME = "$(TARGET_NAME)";
				SWIFT_VERSION = 5.0;
				TARGETED_DEVICE_FAMILY = "1,2";
			};
			name = Release;
		};
/* End XCBuildConfiguration section */

/* Begin XCConfigurationList section */
		F8DE32BB260FAF53003B87EF /* Build configuration list for PBXProject "DriveWay" */ = {
			isa = XCConfigurationList;
			buildConfigurations = (
				F8DE32D2260FAF53003B87EF /* Debug */,
				F8DE32D3260FAF53003B87EF /* Release */,
			);
			defaultConfigurationIsVisible = 0;
			defaultConfigurationName = Release;
		};
		F8DE32D4260FAF53003B87EF /* Build configuration list for PBXNativeTarget "DriveWay" */ = {
			isa = XCConfigurationList;
			buildConfigurations = (
				F8DE32D5260FAF53003B87EF /* Debug */,
				F8DE32D6260FAF53003B87EF /* Release */,
			);
			defaultConfigurationIsVisible = 0;
			defaultConfigurationName = Release;
		};
/* End XCConfigurationList section */
	};
	rootObject = F8DE32B8260FAF53003B87EF /* Project object */;
}
